// !$*UTF8*$!
{
	archiveVersion = 1;
	classes = {
	};
	objectVersion = 50;
	objects = {

/* Begin PBXBuildFile section */
		6811FC7822574AB900B0AAB4 /* ClaimCOnfirmViewController.swift in Sources */ = {isa = PBXBuildFile; fileRef = 6811FC7722574AB900B0AAB4 /* ClaimCOnfirmViewController.swift */; };
		68A69F2522568F5D00EEB71E /* LeaveChatModal.swift in Sources */ = {isa = PBXBuildFile; fileRef = 68A69F2422568F5D00EEB71E /* LeaveChatModal.swift */; };
		68A69F272256940200EEB71E /* WebService.swift in Sources */ = {isa = PBXBuildFile; fileRef = 68A69F262256940200EEB71E /* WebService.swift */; };
		68A69F292256AADD00EEB71E /* LeaveChatTableviewCell.swift in Sources */ = {isa = PBXBuildFile; fileRef = 68A69F282256AADD00EEB71E /* LeaveChatTableviewCell.swift */; };
		68B598EB2256E39400D8A836 /* ConfirmationPageViewController.swift in Sources */ = {isa = PBXBuildFile; fileRef = 68B598EA2256E39400D8A836 /* ConfirmationPageViewController.swift */; };
		68B598ED2256EA0600D8A836 /* FinalConfirmationViewController.swift in Sources */ = {isa = PBXBuildFile; fileRef = 68B598EC2256EA0600D8A836 /* FinalConfirmationViewController.swift */; };
		68E78BF0225664EF00BFD976 /* AppDelegate.swift in Sources */ = {isa = PBXBuildFile; fileRef = 68E78BEF225664EF00BFD976 /* AppDelegate.swift */; };
		68E78BF2225664EF00BFD976 /* ViewController.swift in Sources */ = {isa = PBXBuildFile; fileRef = 68E78BF1225664EF00BFD976 /* ViewController.swift */; };
		68E78BF5225664EF00BFD976 /* Main.storyboard in Resources */ = {isa = PBXBuildFile; fileRef = 68E78BF3225664EF00BFD976 /* Main.storyboard */; };
		68E78BF7225664F200BFD976 /* Assets.xcassets in Resources */ = {isa = PBXBuildFile; fileRef = 68E78BF6225664F200BFD976 /* Assets.xcassets */; };
		68E78BFA225664F200BFD976 /* LaunchScreen.storyboard in Resources */ = {isa = PBXBuildFile; fileRef = 68E78BF8225664F200BFD976 /* LaunchScreen.storyboard */; };
		68E78C0222566DCB00BFD976 /* Home.storyboard in Resources */ = {isa = PBXBuildFile; fileRef = 68E78C0122566DCB00BFD976 /* Home.storyboard */; };
		68E78C042256700A00BFD976 /* HomeViewcontroller.swift in Sources */ = {isa = PBXBuildFile; fileRef = 68E78C032256700A00BFD976 /* HomeViewcontroller.swift */; };
		68E78C0622567D1300BFD976 /* ApplyLeaveViewController.swift in Sources */ = {isa = PBXBuildFile; fileRef = 68E78C0522567D1300BFD976 /* ApplyLeaveViewController.swift */; };
		73B48E2D2256BCF4000186A2 /* UploadReceiptViewController.swift in Sources */ = {isa = PBXBuildFile; fileRef = 73B48E2C2256BCF4000186A2 /* UploadReceiptViewController.swift */; };
		73B48E2F2256EFA0000186A2 /* UploadResponceDataModel.swift in Sources */ = {isa = PBXBuildFile; fileRef = 73B48E2E2256EFA0000186A2 /* UploadResponceDataModel.swift */; };
		73CF4BDE22567120004C6106 /* Login.storyboard in Resources */ = {isa = PBXBuildFile; fileRef = 73CF4BDD22567120004C6106 /* Login.storyboard */; };
		73CF4BE02256716B004C6106 /* LoginViewController.swift in Sources */ = {isa = PBXBuildFile; fileRef = 73CF4BDF2256716B004C6106 /* LoginViewController.swift */; };
		73CF4BE5225679F2004C6106 /* LabelTextField.swift in Sources */ = {isa = PBXBuildFile; fileRef = 73CF4BE2225679F1004C6106 /* LabelTextField.swift */; };
		73CF4BE6225679F2004C6106 /* LineTextField.swift in Sources */ = {isa = PBXBuildFile; fileRef = 73CF4BE3225679F1004C6106 /* LineTextField.swift */; };
		73CF4BE7225679F2004C6106 /* LoadingButton.swift in Sources */ = {isa = PBXBuildFile; fileRef = 73CF4BE4225679F2004C6106 /* LoadingButton.swift */; };
		962E7C96CF1001D4AF6A8301 /* Pods_Tebsbot.framework in Frameworks */ = {isa = PBXBuildFile; fileRef = 089CD5EAE19B5718C2A651E7 /* Pods_Tebsbot.framework */; };
/* End PBXBuildFile section */

/* Begin PBXFileReference section */
		089CD5EAE19B5718C2A651E7 /* Pods_Tebsbot.framework */ = {isa = PBXFileReference; explicitFileType = wrapper.framework; includeInIndex = 0; path = Pods_Tebsbot.framework; sourceTree = BUILT_PRODUCTS_DIR; };
		27DAD86F6B1F901AF5907ABD /* Pods-Tebsbot.debug.xcconfig */ = {isa = PBXFileReference; includeInIndex = 1; lastKnownFileType = text.xcconfig; name = "Pods-Tebsbot.debug.xcconfig"; path = "Target Support Files/Pods-Tebsbot/Pods-Tebsbot.debug.xcconfig"; sourceTree = "<group>"; };
		3A84BCF9D7F3AA1116683F2A /* Pods-Tebsbot.debug.xcconfig */ = {isa = PBXFileReference; includeInIndex = 1; lastKnownFileType = text.xcconfig; name = "Pods-Tebsbot.debug.xcconfig"; path = "Pods/Target Support Files/Pods-Tebsbot/Pods-Tebsbot.debug.xcconfig"; sourceTree = "<group>"; };
		6811FC7722574AB900B0AAB4 /* ClaimCOnfirmViewController.swift */ = {isa = PBXFileReference; lastKnownFileType = sourcecode.swift; path = ClaimCOnfirmViewController.swift; sourceTree = "<group>"; };
		68A69F2422568F5D00EEB71E /* LeaveChatModal.swift */ = {isa = PBXFileReference; lastKnownFileType = sourcecode.swift; path = LeaveChatModal.swift; sourceTree = "<group>"; };
		68A69F262256940200EEB71E /* WebService.swift */ = {isa = PBXFileReference; lastKnownFileType = sourcecode.swift; path = WebService.swift; sourceTree = "<group>"; };
		68A69F282256AADD00EEB71E /* LeaveChatTableviewCell.swift */ = {isa = PBXFileReference; lastKnownFileType = sourcecode.swift; path = LeaveChatTableviewCell.swift; sourceTree = "<group>"; };
		68B598EA2256E39400D8A836 /* ConfirmationPageViewController.swift */ = {isa = PBXFileReference; lastKnownFileType = sourcecode.swift; path = ConfirmationPageViewController.swift; sourceTree = "<group>"; };
		68B598EC2256EA0600D8A836 /* FinalConfirmationViewController.swift */ = {isa = PBXFileReference; lastKnownFileType = sourcecode.swift; path = FinalConfirmationViewController.swift; sourceTree = "<group>"; };
		68E78BEC225664EF00BFD976 /* Tebsbot.app */ = {isa = PBXFileReference; explicitFileType = wrapper.application; includeInIndex = 0; path = Tebsbot.app; sourceTree = BUILT_PRODUCTS_DIR; };
		68E78BEF225664EF00BFD976 /* AppDelegate.swift */ = {isa = PBXFileReference; lastKnownFileType = sourcecode.swift; path = AppDelegate.swift; sourceTree = "<group>"; };
		68E78BF1225664EF00BFD976 /* ViewController.swift */ = {isa = PBXFileReference; lastKnownFileType = sourcecode.swift; path = ViewController.swift; sourceTree = "<group>"; };
		68E78BF4225664EF00BFD976 /* Base */ = {isa = PBXFileReference; lastKnownFileType = file.storyboard; name = Base; path = Base.lproj/Main.storyboard; sourceTree = "<group>"; };
		68E78BF6225664F200BFD976 /* Assets.xcassets */ = {isa = PBXFileReference; lastKnownFileType = folder.assetcatalog; path = Assets.xcassets; sourceTree = "<group>"; };
		68E78BF9225664F200BFD976 /* Base */ = {isa = PBXFileReference; lastKnownFileType = file.storyboard; name = Base; path = Base.lproj/LaunchScreen.storyboard; sourceTree = "<group>"; };
		68E78BFB225664F200BFD976 /* Info.plist */ = {isa = PBXFileReference; lastKnownFileType = text.plist.xml; path = Info.plist; sourceTree = "<group>"; };
		68E78C0122566DCB00BFD976 /* Home.storyboard */ = {isa = PBXFileReference; lastKnownFileType = file.storyboard; path = Home.storyboard; sourceTree = "<group>"; };
		68E78C032256700A00BFD976 /* HomeViewcontroller.swift */ = {isa = PBXFileReference; lastKnownFileType = sourcecode.swift; path = HomeViewcontroller.swift; sourceTree = "<group>"; };
		68E78C0522567D1300BFD976 /* ApplyLeaveViewController.swift */ = {isa = PBXFileReference; lastKnownFileType = sourcecode.swift; path = ApplyLeaveViewController.swift; sourceTree = "<group>"; };
		73B48E2C2256BCF4000186A2 /* UploadReceiptViewController.swift */ = {isa = PBXFileReference; fileEncoding = 4; lastKnownFileType = sourcecode.swift; path = UploadReceiptViewController.swift; sourceTree = "<group>"; };
		73B48E2E2256EFA0000186A2 /* UploadResponceDataModel.swift */ = {isa = PBXFileReference; lastKnownFileType = sourcecode.swift; path = UploadResponceDataModel.swift; sourceTree = "<group>"; };
		73CF4BDD22567120004C6106 /* Login.storyboard */ = {isa = PBXFileReference; lastKnownFileType = file.storyboard; path = Login.storyboard; sourceTree = "<group>"; };
		73CF4BDF2256716B004C6106 /* LoginViewController.swift */ = {isa = PBXFileReference; lastKnownFileType = sourcecode.swift; path = LoginViewController.swift; sourceTree = "<group>"; };
		73CF4BE2225679F1004C6106 /* LabelTextField.swift */ = {isa = PBXFileReference; fileEncoding = 4; lastKnownFileType = sourcecode.swift; path = LabelTextField.swift; sourceTree = "<group>"; };
		73CF4BE3225679F1004C6106 /* LineTextField.swift */ = {isa = PBXFileReference; fileEncoding = 4; lastKnownFileType = sourcecode.swift; path = LineTextField.swift; sourceTree = "<group>"; };
		73CF4BE4225679F2004C6106 /* LoadingButton.swift */ = {isa = PBXFileReference; fileEncoding = 4; lastKnownFileType = sourcecode.swift; path = LoadingButton.swift; sourceTree = "<group>"; };
		A0F20FEE18995FFFD549E9F0 /* Pods-Tebsbot.release.xcconfig */ = {isa = PBXFileReference; includeInIndex = 1; lastKnownFileType = text.xcconfig; name = "Pods-Tebsbot.release.xcconfig"; path = "Pods/Target Support Files/Pods-Tebsbot/Pods-Tebsbot.release.xcconfig"; sourceTree = "<group>"; };
		FA64164E40FF11376348DF4F /* Pods-Tebsbot.release.xcconfig */ = {isa = PBXFileReference; includeInIndex = 1; lastKnownFileType = text.xcconfig; name = "Pods-Tebsbot.release.xcconfig"; path = "Target Support Files/Pods-Tebsbot/Pods-Tebsbot.release.xcconfig"; sourceTree = "<group>"; };
/* End PBXFileReference section */

/* Begin PBXFrameworksBuildPhase section */
		68E78BE9225664EE00BFD976 /* Frameworks */ = {
			isa = PBXFrameworksBuildPhase;
			buildActionMask = 2147483647;
			files = (
				962E7C96CF1001D4AF6A8301 /* Pods_Tebsbot.framework in Frameworks */,
			);
			runOnlyForDeploymentPostprocessing = 0;
		};
/* End PBXFrameworksBuildPhase section */

/* Begin PBXGroup section */
		21F494C78598DA497B03CEAE /* Frameworks */ = {
			isa = PBXGroup;
			children = (
				089CD5EAE19B5718C2A651E7 /* Pods_Tebsbot.framework */,
			);
			name = Frameworks;
			sourceTree = "<group>";
		};
		68E78BE3225664EE00BFD976 = {
			isa = PBXGroup;
			children = (
				68E78BEE225664EF00BFD976 /* Tebsbot */,
				68E78BED225664EF00BFD976 /* Products */,
				DBFD8A3EBC7F2326C1F2AD13 /* Pods */,
				21F494C78598DA497B03CEAE /* Frameworks */,
			);
			sourceTree = "<group>";
		};
		68E78BED225664EF00BFD976 /* Products */ = {
			isa = PBXGroup;
			children = (
				68E78BEC225664EF00BFD976 /* Tebsbot.app */,
			);
			name = Products;
			sourceTree = "<group>";
		};
		68E78BEE225664EF00BFD976 /* Tebsbot */ = {
			isa = PBXGroup;
			children = (
				73CF4BE12256793F004C6106 /* Extension */,
				68E78BEF225664EF00BFD976 /* AppDelegate.swift */,
				68E78BF1225664EF00BFD976 /* ViewController.swift */,
				68E78BF3225664EF00BFD976 /* Main.storyboard */,
				73CF4BDF2256716B004C6106 /* LoginViewController.swift */,
				73CF4BDD22567120004C6106 /* Login.storyboard */,
				68E78BF6225664F200BFD976 /* Assets.xcassets */,
				68E78BF8225664F200BFD976 /* LaunchScreen.storyboard */,
				68E78BFB225664F200BFD976 /* Info.plist */,
				68E78C0122566DCB00BFD976 /* Home.storyboard */,
				68B598EC2256EA0600D8A836 /* FinalConfirmationViewController.swift */,
				68B598EA2256E39400D8A836 /* ConfirmationPageViewController.swift */,
				68E78C032256700A00BFD976 /* HomeViewcontroller.swift */,
				68E78C0522567D1300BFD976 /* ApplyLeaveViewController.swift */,
				68A69F2422568F5D00EEB71E /* LeaveChatModal.swift */,
				68A69F262256940200EEB71E /* WebService.swift */,
				68A69F282256AADD00EEB71E /* LeaveChatTableviewCell.swift */,
				73B48E2C2256BCF4000186A2 /* UploadReceiptViewController.swift */,
				73B48E2E2256EFA0000186A2 /* UploadResponceDataModel.swift */,
				6811FC7722574AB900B0AAB4 /* ClaimCOnfirmViewController.swift */,
			);
			path = Tebsbot;
			sourceTree = "<group>";
		};
		73CF4BE12256793F004C6106 /* Extension */ = {
			isa = PBXGroup;
			children = (
				73CF4BE2225679F1004C6106 /* LabelTextField.swift */,
				73CF4BE3225679F1004C6106 /* LineTextField.swift */,
				73CF4BE4225679F2004C6106 /* LoadingButton.swift */,
			);
			path = Extension;
			sourceTree = "<group>";
		};
		DBFD8A3EBC7F2326C1F2AD13 /* Pods */ = {
			isa = PBXGroup;
			children = (
				27DAD86F6B1F901AF5907ABD /* Pods-Tebsbot.debug.xcconfig */,
				FA64164E40FF11376348DF4F /* Pods-Tebsbot.release.xcconfig */,
				3A84BCF9D7F3AA1116683F2A /* Pods-Tebsbot.debug.xcconfig */,
				A0F20FEE18995FFFD549E9F0 /* Pods-Tebsbot.release.xcconfig */,
			);
			path = Pods;
			sourceTree = "<group>";
		};
/* End PBXGroup section */

/* Begin PBXNativeTarget section */
		68E78BEB225664EE00BFD976 /* Tebsbot */ = {
			isa = PBXNativeTarget;
			buildConfigurationList = 68E78BFE225664F200BFD976 /* Build configuration list for PBXNativeTarget "Tebsbot" */;
			buildPhases = (
				56A8CDC70E1CCEA049B88A50 /* [CP] Check Pods Manifest.lock */,
				68E78BE8225664EE00BFD976 /* Sources */,
				68E78BE9225664EE00BFD976 /* Frameworks */,
				68E78BEA225664EE00BFD976 /* Resources */,
				9387912917C140CC1086DF29 /* [CP] Embed Pods Frameworks */,
			);
			buildRules = (
			);
			dependencies = (
			);
			name = Tebsbot;
			productName = Tebsbot;
			productReference = 68E78BEC225664EF00BFD976 /* Tebsbot.app */;
			productType = "com.apple.product-type.application";
		};
/* End PBXNativeTarget section */

/* Begin PBXProject section */
		68E78BE4225664EE00BFD976 /* Project object */ = {
			isa = PBXProject;
			attributes = {
				LastSwiftUpdateCheck = 1010;
				LastUpgradeCheck = 1010;
				ORGANIZATIONNAME = "Premraj C Ramankutty";
				TargetAttributes = {
					68E78BEB225664EE00BFD976 = {
						CreatedOnToolsVersion = 10.1;
					};
				};
			};
			buildConfigurationList = 68E78BE7225664EE00BFD976 /* Build configuration list for PBXProject "Tebsbot" */;
			compatibilityVersion = "Xcode 9.3";
			developmentRegion = en;
			hasScannedForEncodings = 0;
			knownRegions = (
				en,
				Base,
			);
			mainGroup = 68E78BE3225664EE00BFD976;
			productRefGroup = 68E78BED225664EF00BFD976 /* Products */;
			projectDirPath = "";
			projectRoot = "";
			targets = (
				68E78BEB225664EE00BFD976 /* Tebsbot */,
			);
		};
/* End PBXProject section */

/* Begin PBXResourcesBuildPhase section */
		68E78BEA225664EE00BFD976 /* Resources */ = {
			isa = PBXResourcesBuildPhase;
			buildActionMask = 2147483647;
			files = (
				73CF4BDE22567120004C6106 /* Login.storyboard in Resources */,
				68E78BFA225664F200BFD976 /* LaunchScreen.storyboard in Resources */,
				68E78BF7225664F200BFD976 /* Assets.xcassets in Resources */,
				68E78BF5225664EF00BFD976 /* Main.storyboard in Resources */,
				68E78C0222566DCB00BFD976 /* Home.storyboard in Resources */,
			);
			runOnlyForDeploymentPostprocessing = 0;
		};
/* End PBXResourcesBuildPhase section */

/* Begin PBXShellScriptBuildPhase section */
		56A8CDC70E1CCEA049B88A50 /* [CP] Check Pods Manifest.lock */ = {
			isa = PBXShellScriptBuildPhase;
			buildActionMask = 2147483647;
			files = (
			);
			inputFileListPaths = (
			);
			inputPaths = (
				"${PODS_PODFILE_DIR_PATH}/Podfile.lock",
				"${PODS_ROOT}/Manifest.lock",
			);
			name = "[CP] Check Pods Manifest.lock";
			outputFileListPaths = (
			);
			outputPaths = (
				"$(DERIVED_FILE_DIR)/Pods-Tebsbot-checkManifestLockResult.txt",
			);
			runOnlyForDeploymentPostprocessing = 0;
			shellPath = /bin/sh;
			shellScript = "diff \"${PODS_PODFILE_DIR_PATH}/Podfile.lock\" \"${PODS_ROOT}/Manifest.lock\" > /dev/null\nif [ $? != 0 ] ; then\n    # print error to STDERR\n    echo \"error: The sandbox is not in sync with the Podfile.lock. Run 'pod install' or update your CocoaPods installation.\" >&2\n    exit 1\nfi\n# This output is used by Xcode 'outputs' to avoid re-running this script phase.\necho \"SUCCESS\" > \"${SCRIPT_OUTPUT_FILE_0}\"\n";
			showEnvVarsInLog = 0;
		};
		9387912917C140CC1086DF29 /* [CP] Embed Pods Frameworks */ = {
			isa = PBXShellScriptBuildPhase;
			buildActionMask = 2147483647;
			files = (
			);
			inputFileListPaths = (
			);
			inputPaths = (
				"${PODS_ROOT}/Target Support Files/Pods-Tebsbot/Pods-Tebsbot-frameworks.sh",
				"${BUILT_PRODUCTS_DIR}/Alamofire/Alamofire.framework",
				"${BUILT_PRODUCTS_DIR}/Alamofire-SwiftyJSON/Alamofire_SwiftyJSON.framework",
				"${BUILT_PRODUCTS_DIR}/SwiftyJSON/SwiftyJSON.framework",
			);
			name = "[CP] Embed Pods Frameworks";
			outputFileListPaths = (
			);
			outputPaths = (
				"${TARGET_BUILD_DIR}/${FRAMEWORKS_FOLDER_PATH}/Alamofire.framework",
				"${TARGET_BUILD_DIR}/${FRAMEWORKS_FOLDER_PATH}/Alamofire_SwiftyJSON.framework",
				"${TARGET_BUILD_DIR}/${FRAMEWORKS_FOLDER_PATH}/SwiftyJSON.framework",
			);
			runOnlyForDeploymentPostprocessing = 0;
			shellPath = /bin/sh;
			shellScript = "\"${PODS_ROOT}/Target Support Files/Pods-Tebsbot/Pods-Tebsbot-frameworks.sh\"\n";
			showEnvVarsInLog = 0;
		};
/* End PBXShellScriptBuildPhase section */

/* Begin PBXSourcesBuildPhase section */
		68E78BE8225664EE00BFD976 /* Sources */ = {
			isa = PBXSourcesBuildPhase;
			buildActionMask = 2147483647;
			files = (
				73B48E2D2256BCF4000186A2 /* UploadReceiptViewController.swift in Sources */,
				73CF4BE7225679F2004C6106 /* LoadingButton.swift in Sources */,
				73CF4BE5225679F2004C6106 /* LabelTextField.swift in Sources */,
				73CF4BE02256716B004C6106 /* LoginViewController.swift in Sources */,
				68A69F292256AADD00EEB71E /* LeaveChatTableviewCell.swift in Sources */,
				68E78BF2225664EF00BFD976 /* ViewController.swift in Sources */,
				68E78C042256700A00BFD976 /* HomeViewcontroller.swift in Sources */,
				73B48E2F2256EFA0000186A2 /* UploadResponceDataModel.swift in Sources */,
				68E78BF0225664EF00BFD976 /* AppDelegate.swift in Sources */,
				68E78C0622567D1300BFD976 /* ApplyLeaveViewController.swift in Sources */,
				68B598EB2256E39400D8A836 /* ConfirmationPageViewController.swift in Sources */,
				73CF4BE6225679F2004C6106 /* LineTextField.swift in Sources */,
				6811FC7822574AB900B0AAB4 /* ClaimCOnfirmViewController.swift in Sources */,
				68A69F272256940200EEB71E /* WebService.swift in Sources */,
				68A69F2522568F5D00EEB71E /* LeaveChatModal.swift in Sources */,
				68B598ED2256EA0600D8A836 /* FinalConfirmationViewController.swift in Sources */,
			);
			runOnlyForDeploymentPostprocessing = 0;
		};
/* End PBXSourcesBuildPhase section */

/* Begin PBXVariantGroup section */
		68E78BF3225664EF00BFD976 /* Main.storyboard */ = {
			isa = PBXVariantGroup;
			children = (
				68E78BF4225664EF00BFD976 /* Base */,
			);
			name = Main.storyboard;
			sourceTree = "<group>";
		};
		68E78BF8225664F200BFD976 /* LaunchScreen.storyboard */ = {
			isa = PBXVariantGroup;
			children = (
				68E78BF9225664F200BFD976 /* Base */,
			);
			name = LaunchScreen.storyboard;
			sourceTree = "<group>";
		};
/* End PBXVariantGroup section */

/* Begin XCBuildConfiguration section */
		68E78BFC225664F200BFD976 /* Debug */ = {
			isa = XCBuildConfiguration;
			buildSettings = {
				ALWAYS_SEARCH_USER_PATHS = NO;
				CLANG_ANALYZER_NONNULL = YES;
				CLANG_ANALYZER_NUMBER_OBJECT_CONVERSION = YES_AGGRESSIVE;
				CLANG_CXX_LANGUAGE_STANDARD = "gnu++14";
				CLANG_CXX_LIBRARY = "libc++";
				CLANG_ENABLE_MODULES = YES;
				CLANG_ENABLE_OBJC_ARC = YES;
				CLANG_ENABLE_OBJC_WEAK = YES;
				CLANG_WARN_BLOCK_CAPTURE_AUTORELEASING = YES;
				CLANG_WARN_BOOL_CONVERSION = YES;
				CLANG_WARN_COMMA = YES;
				CLANG_WARN_CONSTANT_CONVERSION = YES;
				CLANG_WARN_DEPRECATED_OBJC_IMPLEMENTATIONS = YES;
				CLANG_WARN_DIRECT_OBJC_ISA_USAGE = YES_ERROR;
				CLANG_WARN_DOCUMENTATION_COMMENTS = YES;
				CLANG_WARN_EMPTY_BODY = YES;
				CLANG_WARN_ENUM_CONVERSION = YES;
				CLANG_WARN_INFINITE_RECURSION = YES;
				CLANG_WARN_INT_CONVERSION = YES;
				CLANG_WARN_NON_LITERAL_NULL_CONVERSION = YES;
				CLANG_WARN_OBJC_IMPLICIT_RETAIN_SELF = YES;
				CLANG_WARN_OBJC_LITERAL_CONVERSION = YES;
				CLANG_WARN_OBJC_ROOT_CLASS = YES_ERROR;
				CLANG_WARN_RANGE_LOOP_ANALYSIS = YES;
				CLANG_WARN_STRICT_PROTOTYPES = YES;
				CLANG_WARN_SUSPICIOUS_MOVE = YES;
				CLANG_WARN_UNGUARDED_AVAILABILITY = YES_AGGRESSIVE;
				CLANG_WARN_UNREACHABLE_CODE = YES;
				CLANG_WARN__DUPLICATE_METHOD_MATCH = YES;
				CODE_SIGN_IDENTITY = "iPhone Developer";
				COPY_PHASE_STRIP = NO;
				DEBUG_INFORMATION_FORMAT = dwarf;
				ENABLE_STRICT_OBJC_MSGSEND = YES;
				ENABLE_TESTABILITY = YES;
				GCC_C_LANGUAGE_STANDARD = gnu11;
				GCC_DYNAMIC_NO_PIC = NO;
				GCC_NO_COMMON_BLOCKS = YES;
				GCC_OPTIMIZATION_LEVEL = 0;
				GCC_PREPROCESSOR_DEFINITIONS = (
					"DEBUG=1",
					"$(inherited)",
				);
				GCC_WARN_64_TO_32_BIT_CONVERSION = YES;
				GCC_WARN_ABOUT_RETURN_TYPE = YES_ERROR;
				GCC_WARN_UNDECLARED_SELECTOR = YES;
				GCC_WARN_UNINITIALIZED_AUTOS = YES_AGGRESSIVE;
				GCC_WARN_UNUSED_FUNCTION = YES;
				GCC_WARN_UNUSED_VARIABLE = YES;
				IPHONEOS_DEPLOYMENT_TARGET = 12.1;
				MTL_ENABLE_DEBUG_INFO = INCLUDE_SOURCE;
				MTL_FAST_MATH = YES;
				ONLY_ACTIVE_ARCH = YES;
				SDKROOT = iphoneos;
				SWIFT_ACTIVE_COMPILATION_CONDITIONS = DEBUG;
				SWIFT_OPTIMIZATION_LEVEL = "-Onone";
			};
			name = Debug;
		};
		68E78BFD225664F200BFD976 /* Release */ = {
			isa = XCBuildConfiguration;
			buildSettings = {
				ALWAYS_SEARCH_USER_PATHS = NO;
				CLANG_ANALYZER_NONNULL = YES;
				CLANG_ANALYZER_NUMBER_OBJECT_CONVERSION = YES_AGGRESSIVE;
				CLANG_CXX_LANGUAGE_STANDARD = "gnu++14";
				CLANG_CXX_LIBRARY = "libc++";
				CLANG_ENABLE_MODULES = YES;
				CLANG_ENABLE_OBJC_ARC = YES;
				CLANG_ENABLE_OBJC_WEAK = YES;
				CLANG_WARN_BLOCK_CAPTURE_AUTORELEASING = YES;
				CLANG_WARN_BOOL_CONVERSION = YES;
				CLANG_WARN_COMMA = YES;
				CLANG_WARN_CONSTANT_CONVERSION = YES;
				CLANG_WARN_DEPRECATED_OBJC_IMPLEMENTATIONS = YES;
				CLANG_WARN_DIRECT_OBJC_ISA_USAGE = YES_ERROR;
				CLANG_WARN_DOCUMENTATION_COMMENTS = YES;
				CLANG_WARN_EMPTY_BODY = YES;
				CLANG_WARN_ENUM_CONVERSION = YES;
				CLANG_WARN_INFINITE_RECURSION = YES;
				CLANG_WARN_INT_CONVERSION = YES;
				CLANG_WARN_NON_LITERAL_NULL_CONVERSION = YES;
				CLANG_WARN_OBJC_IMPLICIT_RETAIN_SELF = YES;
				CLANG_WARN_OBJC_LITERAL_CONVERSION = YES;
				CLANG_WARN_OBJC_ROOT_CLASS = YES_ERROR;
				CLANG_WARN_RANGE_LOOP_ANALYSIS = YES;
				CLANG_WARN_STRICT_PROTOTYPES = YES;
				CLANG_WARN_SUSPICIOUS_MOVE = YES;
				CLANG_WARN_UNGUARDED_AVAILABILITY = YES_AGGRESSIVE;
				CLANG_WARN_UNREACHABLE_CODE = YES;
				CLANG_WARN__DUPLICATE_METHOD_MATCH = YES;
				CODE_SIGN_IDENTITY = "iPhone Developer";
				COPY_PHASE_STRIP = NO;
				DEBUG_INFORMATION_FORMAT = "dwarf-with-dsym";
				ENABLE_NS_ASSERTIONS = NO;
				ENABLE_STRICT_OBJC_MSGSEND = YES;
				GCC_C_LANGUAGE_STANDARD = gnu11;
				GCC_NO_COMMON_BLOCKS = YES;
				GCC_WARN_64_TO_32_BIT_CONVERSION = YES;
				GCC_WARN_ABOUT_RETURN_TYPE = YES_ERROR;
				GCC_WARN_UNDECLARED_SELECTOR = YES;
				GCC_WARN_UNINITIALIZED_AUTOS = YES_AGGRESSIVE;
				GCC_WARN_UNUSED_FUNCTION = YES;
				GCC_WARN_UNUSED_VARIABLE = YES;
				IPHONEOS_DEPLOYMENT_TARGET = 12.1;
				MTL_ENABLE_DEBUG_INFO = NO;
				MTL_FAST_MATH = YES;
				SDKROOT = iphoneos;
				SWIFT_COMPILATION_MODE = wholemodule;
				SWIFT_OPTIMIZATION_LEVEL = "-O";
				VALIDATE_PRODUCT = YES;
			};
			name = Release;
		};
		68E78BFF225664F200BFD976 /* Debug */ = {
			isa = XCBuildConfiguration;
			baseConfigurationReference = 27DAD86F6B1F901AF5907ABD /* Pods-Tebsbot.debug.xcconfig */;
			buildSettings = {
				ASSETCATALOG_COMPILER_APPICON_NAME = AppIcon;
				CODE_SIGN_STYLE = Automatic;
				DEVELOPMENT_TEAM = GTC9T5VZZY;
				INFOPLIST_FILE = Tebsbot/Info.plist;
				IPHONEOS_DEPLOYMENT_TARGET = 10.3;
				LD_RUNPATH_SEARCH_PATHS = (
					"$(inherited)",
					"@executable_path/Frameworks",
				);
				PRODUCT_BUNDLE_IDENTIFIER = com.connectedlife.wellnessandvitalsigns.Tebsbot;
				PRODUCT_NAME = "$(TARGET_NAME)";
				SWIFT_VERSION = 4.2;
				TARGETED_DEVICE_FAMILY = 1;
			};
			name = Debug;
		};
		68E78C00225664F200BFD976 /* Release */ = {
			isa = XCBuildConfiguration;
			baseConfigurationReference = FA64164E40FF11376348DF4F /* Pods-Tebsbot.release.xcconfig */;
			buildSettings = {
				ASSETCATALOG_COMPILER_APPICON_NAME = AppIcon;
				CODE_SIGN_STYLE = Automatic;
				DEVELOPMENT_TEAM = GTC9T5VZZY;
				INFOPLIST_FILE = Tebsbot/Info.plist;
				IPHONEOS_DEPLOYMENT_TARGET = 10.3;
				LD_RUNPATH_SEARCH_PATHS = (
					"$(inherited)",
					"@executable_path/Frameworks",
				);
				PRODUCT_BUNDLE_IDENTIFIER = com.connectedlife.wellnessandvitalsigns.Tebsbot;
				PRODUCT_NAME = "$(TARGET_NAME)";
				SWIFT_VERSION = 4.2;
				TARGETED_DEVICE_FAMILY = 1;
			};
			name = Release;
		};
/* End XCBuildConfiguration section */

/* Begin XCConfigurationList section */
		68E78BE7225664EE00BFD976 /* Build configuration list for PBXProject "Tebsbot" */ = {
			isa = XCConfigurationList;
			buildConfigurations = (
				68E78BFC225664F200BFD976 /* Debug */,
				68E78BFD225664F200BFD976 /* Release */,
			);
			defaultConfigurationIsVisible = 0;
			defaultConfigurationName = Release;
		};
		68E78BFE225664F200BFD976 /* Build configuration list for PBXNativeTarget "Tebsbot" */ = {
			isa = XCConfigurationList;
			buildConfigurations = (
				68E78BFF225664F200BFD976 /* Debug */,
				68E78C00225664F200BFD976 /* Release */,
			);
			defaultConfigurationIsVisible = 0;
			defaultConfigurationName = Release;
		};
/* End XCConfigurationList section */
	};
	rootObject = 68E78BE4225664EE00BFD976 /* Project object */;
}
